
Microsoft Visual Studio Solution File, Format Version 12.00
# Visual Studio Version 17
VisualStudioVersion = 17.6.33815.320
MinimumVisualStudioVersion = 10.0.40219.1
Project("{FAE04EC0-301F-11D3-BF4B-00C04F79EFBC}") = "FIT5032_MyCodeSnippet", "FIT5032_MyCodeSnippet\FIT5032_MyCodeSnippet.csproj", "{8C6C8042-3263-473D-ACE9-E44D8015F236}"
EndProject
Global
	GlobalSection(SolutionConfigurationPlatforms) = preSolution
		Debug|Any CPU = Debug|Any CPU
		Release|Any CPU = Release|Any CPU
	EndGlobalSection
	GlobalSection(ProjectConfigurationPlatforms) = postSolution
		{8C6C8042-3263-473D-ACE9-E44D8015F236}.Debug|Any CPU.ActiveCfg = Debug|Any CPU
		{8C6C8042-3263-473D-ACE9-E44D8015F236}.Debug|Any CPU.Build.0 = Debug|Any CPU
		{8C6C8042-3263-473D-ACE9-E44D8015F236}.Release|Any CPU.ActiveCfg = Release|Any CPU
		{8C6C8042-3263-473D-ACE9-E44D8015F236}.Release|Any CPU.Build.0 = Release|Any CPU
	EndGlobalSection
	GlobalSection(SolutionProperties) = preSolution
		HideSolutionNode = FALSE
	EndGlobalSection
	GlobalSection(ExtensibilityGlobals) = postSolution
		SolutionGuid = {09CD8ACC-764A-44ED-B14A-DF523F7EEB30}
	EndGlobalSection
EndGlobal
